
Microsoft Visual Studio Solution File, Format Version 12.00
# Visual Studio 15
VisualStudioVersion = 15.0.27130.2036
MinimumVisualStudioVersion = 10.0.40219.1
Project("{FAE04EC0-301F-11D3-BF4B-00C04F79EFBC}") = "ABC086C", "ABC086C\ABC086C.csproj", "{54447859-9AE0-4A34-82B1-3FEFF87C680F}"
EndProject
Project("{FAE04EC0-301F-11D3-BF4B-00C04F79EFBC}") = "ABC086C_1", "ABC086C_1\ABC086C_1.csproj", "{34EFAD6F-AAEA-40AF-B0E0-4BBE5FF9369A}"
EndProject
Project("{FAE04EC0-301F-11D3-BF4B-00C04F79EFBC}") = "ABC049C", "ABC049C\ABC049C.csproj", "{227E1A4C-6E4F-4A5C-ACE0-0F934DC30B45}"
EndProject
Project("{FAE04EC0-301F-11D3-BF4B-00C04F79EFBC}") = "ABC085C", "ABC085C\ABC085C.csproj", "{16EBE20A-B8B9-494F-A145-C10F58FAD1DD}"
EndProject
Project("{FAE04EC0-301F-11D3-BF4B-00C04F79EFBC}") = "ABC085B", "ABC085B\ABC085B.csproj", "{D811F786-C256-417C-AB19-1B7A8D99BAD1}"
EndProject
Project("{FAE04EC0-301F-11D3-BF4B-00C04F79EFBC}") = "ABC088B", "ABC088B\ABC088B.csproj", "{93F7DD26-160D-4F2A-9069-A317FE5805A8}"
EndProject
Global
	GlobalSection(SolutionConfigurationPlatforms) = preSolution
		Debug|Any CPU = Debug|Any CPU
		Release|Any CPU = Release|Any CPU
	EndGlobalSection
	GlobalSection(ProjectConfigurationPlatforms) = postSolution
		{54447859-9AE0-4A34-82B1-3FEFF87C680F}.Debug|Any CPU.ActiveCfg = Debug|Any CPU
		{54447859-9AE0-4A34-82B1-3FEFF87C680F}.Debug|Any CPU.Build.0 = Debug|Any CPU
		{54447859-9AE0-4A34-82B1-3FEFF87C680F}.Release|Any CPU.ActiveCfg = Release|Any CPU
		{54447859-9AE0-4A34-82B1-3FEFF87C680F}.Release|Any CPU.Build.0 = Release|Any CPU
		{34EFAD6F-AAEA-40AF-B0E0-4BBE5FF9369A}.Debug|Any CPU.ActiveCfg = Debug|Any CPU
		{34EFAD6F-AAEA-40AF-B0E0-4BBE5FF9369A}.Debug|Any CPU.Build.0 = Debug|Any CPU
		{34EFAD6F-AAEA-40AF-B0E0-4BBE5FF9369A}.Release|Any CPU.ActiveCfg = Release|Any CPU
		{34EFAD6F-AAEA-40AF-B0E0-4BBE5FF9369A}.Release|Any CPU.Build.0 = Release|Any CPU
		{227E1A4C-6E4F-4A5C-ACE0-0F934DC30B45}.Debug|Any CPU.ActiveCfg = Debug|Any CPU
		{227E1A4C-6E4F-4A5C-ACE0-0F934DC30B45}.Debug|Any CPU.Build.0 = Debug|Any CPU
		{227E1A4C-6E4F-4A5C-ACE0-0F934DC30B45}.Release|Any CPU.ActiveCfg = Release|Any CPU
		{227E1A4C-6E4F-4A5C-ACE0-0F934DC30B45}.Release|Any CPU.Build.0 = Release|Any CPU
		{16EBE20A-B8B9-494F-A145-C10F58FAD1DD}.Debug|Any CPU.ActiveCfg = Debug|Any CPU
		{16EBE20A-B8B9-494F-A145-C10F58FAD1DD}.Debug|Any CPU.Build.0 = Debug|Any CPU
		{16EBE20A-B8B9-494F-A145-C10F58FAD1DD}.Release|Any CPU.ActiveCfg = Release|Any CPU
		{16EBE20A-B8B9-494F-A145-C10F58FAD1DD}.Release|Any CPU.Build.0 = Release|Any CPU
		{D811F786-C256-417C-AB19-1B7A8D99BAD1}.Debug|Any CPU.ActiveCfg = Debug|Any CPU
		{D811F786-C256-417C-AB19-1B7A8D99BAD1}.Debug|Any CPU.Build.0 = Debug|Any CPU
		{D811F786-C256-417C-AB19-1B7A8D99BAD1}.Release|Any CPU.ActiveCfg = Release|Any CPU
		{D811F786-C256-417C-AB19-1B7A8D99BAD1}.Release|Any CPU.Build.0 = Release|Any CPU
		{93F7DD26-160D-4F2A-9069-A317FE5805A8}.Debug|Any CPU.ActiveCfg = Debug|Any CPU
		{93F7DD26-160D-4F2A-9069-A317FE5805A8}.Debug|Any CPU.Build.0 = Debug|Any CPU
		{93F7DD26-160D-4F2A-9069-A317FE5805A8}.Release|Any CPU.ActiveCfg = Release|Any CPU
		{93F7DD26-160D-4F2A-9069-A317FE5805A8}.Release|Any CPU.Build.0 = Release|Any CPU
	EndGlobalSection
	GlobalSection(SolutionProperties) = preSolution
		HideSolutionNode = FALSE
	EndGlobalSection
	GlobalSection(ExtensibilityGlobals) = postSolution
		SolutionGuid = {A30FEF42-FFBD-4E02-B700-2A5F40FE1006}
	EndGlobalSection
EndGlobal
